
Microsoft Visual Studio Solution File, Format Version 12.00
# Visual Studio Version 16
VisualStudioVersion = 16.0.29324.140
MinimumVisualStudioVersion = 10.0.40219.1
Project("{FAE04EC0-301F-11D3-BF4B-00C04F79EFBC}") = "BadgeSample.UWP", "BadgeSample\BadgeSample.UWP\BadgeSample.UWP.csproj", "{81CF0642-1759-4022-BAAF-00E815DD5E23}"
EndProject
Project("{FAE04EC0-301F-11D3-BF4B-00C04F79EFBC}") = "BadgeSample.Android", "BadgeSample\BadgeSample.Android\BadgeSample.Android.csproj", "{C185D53E-D704-49FB-B711-528C3946A390}"
EndProject
Project("{FAE04EC0-301F-11D3-BF4B-00C04F79EFBC}") = "BadgeSample.iOS", "BadgeSample\BadgeSample.iOS\BadgeSample.iOS.csproj", "{C854233E-1345-4A56-8138-9A2B163855AA}"
EndProject
Project("{FAE04EC0-301F-11D3-BF4B-00C04F79EFBC}") = "BadgeSample", "BadgeSample\BadgeSample\BadgeSample.csproj", "{74474EBD-8A76-434A-9A10-24F40B7BD71C}"
EndProject
Global
	GlobalSection(SolutionConfigurationPlatforms) = preSolution
		Debug|Any CPU = Debug|Any CPU
		Debug|ARM = Debug|ARM
		Debug|iPhone = Debug|iPhone
		Debug|iPhoneSimulator = Debug|iPhoneSimulator
		Debug|x64 = Debug|x64
		Debug|x86 = Debug|x86
		Release|Any CPU = Release|Any CPU
		Release|ARM = Release|ARM
		Release|iPhone = Release|iPhone
		Release|iPhoneSimulator = Release|iPhoneSimulator
		Release|x64 = Release|x64
		Release|x86 = Release|x86
	EndGlobalSection
	GlobalSection(ProjectConfigurationPlatforms) = postSolution
		{81CF0642-1759-4022-BAAF-00E815DD5E23}.Debug|Any CPU.ActiveCfg = Debug|x86
		{81CF0642-1759-4022-BAAF-00E815DD5E23}.Debug|Any CPU.Build.0 = Debug|x86
		{81CF0642-1759-4022-BAAF-00E815DD5E23}.Debug|Any CPU.Deploy.0 = Debug|x86
		{81CF0642-1759-4022-BAAF-00E815DD5E23}.Debug|ARM.ActiveCfg = Debug|ARM
		{81CF0642-1759-4022-BAAF-00E815DD5E23}.Debug|ARM.Build.0 = Debug|ARM
		{81CF0642-1759-4022-BAAF-00E815DD5E23}.Debug|ARM.Deploy.0 = Debug|ARM
		{81CF0642-1759-4022-BAAF-00E815DD5E23}.Debug|iPhone.ActiveCfg = Debug|x86
		{81CF0642-1759-4022-BAAF-00E815DD5E23}.Debug|iPhone.Build.0 = Debug|x86
		{81CF0642-1759-4022-BAAF-00E815DD5E23}.Debug|iPhone.Deploy.0 = Debug|x86
		{81CF0642-1759-4022-BAAF-00E815DD5E23}.Debug|iPhoneSimulator.ActiveCfg = Debug|x86
		{81CF0642-1759-4022-BAAF-00E815DD5E23}.Debug|iPhoneSimulator.Build.0 = Debug|x86
		{81CF0642-1759-4022-BAAF-00E815DD5E23}.Debug|iPhoneSimulator.Deploy.0 = Debug|x86
		{81CF0642-1759-4022-BAAF-00E815DD5E23}.Debug|x64.ActiveCfg = Debug|x64
		{81CF0642-1759-4022-BAAF-00E815DD5E23}.Debug|x64.Build.0 = Debug|x64
		{81CF0642-1759-4022-BAAF-00E815DD5E23}.Debug|x64.Deploy.0 = Debug|x64
		{81CF0642-1759-4022-BAAF-00E815DD5E23}.Debug|x86.ActiveCfg = Debug|x86
		{81CF0642-1759-4022-BAAF-00E815DD5E23}.Debug|x86.Build.0 = Debug|x86
		{81CF0642-1759-4022-BAAF-00E815DD5E23}.Debug|x86.Deploy.0 = Debug|x86
		{81CF0642-1759-4022-BAAF-00E815DD5E23}.Release|Any CPU.ActiveCfg = Release|x86
		{81CF0642-1759-4022-BAAF-00E815DD5E23}.Release|Any CPU.Build.0 = Release|x86
		{81CF0642-1759-4022-BAAF-00E815DD5E23}.Release|Any CPU.Deploy.0 = Release|x86
		{81CF0642-1759-4022-BAAF-00E815DD5E23}.Release|ARM.ActiveCfg = Release|ARM
		{81CF0642-1759-4022-BAAF-00E815DD5E23}.Release|ARM.Build.0 = Release|ARM
		{81CF0642-1759-4022-BAAF-00E815DD5E23}.Release|ARM.Deploy.0 = Release|ARM
		{81CF0642-1759-4022-BAAF-00E815DD5E23}.Release|iPhone.ActiveCfg = Release|x86
		{81CF0642-1759-4022-BAAF-00E815DD5E23}.Release|iPhone.Build.0 = Release|x86
		{81CF0642-1759-4022-BAAF-00E815DD5E23}.Release|iPhone.Deploy.0 = Release|x86
		{81CF0642-1759-4022-BAAF-00E815DD5E23}.Release|iPhoneSimulator.ActiveCfg = Release|x86
		{81CF0642-1759-4022-BAAF-00E815DD5E23}.Release|iPhoneSimulator.Build.0 = Release|x86
		{81CF0642-1759-4022-BAAF-00E815DD5E23}.Release|iPhoneSimulator.Deploy.0 = Release|x86
		{81CF0642-1759-4022-BAAF-00E815DD5E23}.Release|x64.ActiveCfg = Release|x64
		{81CF0642-1759-4022-BAAF-00E815DD5E23}.Release|x64.Build.0 = Release|x64
		{81CF0642-1759-4022-BAAF-00E815DD5E23}.Release|x64.Deploy.0 = Release|x64
		{81CF0642-1759-4022-BAAF-00E815DD5E23}.Release|x86.ActiveCfg = Release|x86
		{81CF0642-1759-4022-BAAF-00E815DD5E23}.Release|x86.Build.0 = Release|x86
		{81CF0642-1759-4022-BAAF-00E815DD5E23}.Release|x86.Deploy.0 = Release|x86
		{C185D53E-D704-49FB-B711-528C3946A390}.Debug|Any CPU.ActiveCfg = Debug|Any CPU
		{C185D53E-D704-49FB-B711-528C3946A390}.Debug|Any CPU.Build.0 = Debug|Any CPU
		{C185D53E-D704-49FB-B711-528C3946A390}.Debug|Any CPU.Deploy.0 = Debug|Any CPU
		{C185D53E-D704-49FB-B711-528C3946A390}.Debug|ARM.ActiveCfg = Debug|Any CPU
		{C185D53E-D704-49FB-B711-528C3946A390}.Debug|ARM.Build.0 = Debug|Any CPU
		{C185D53E-D704-49FB-B711-528C3946A390}.Debug|ARM.Deploy.0 = Debug|Any CPU
		{C185D53E-D704-49FB-B711-528C3946A390}.Debug|iPhone.ActiveCfg = Debug|Any CPU
		{C185D53E-D704-49FB-B711-528C3946A390}.Debug|iPhone.Build.0 = Debug|Any CPU
		{C185D53E-D704-49FB-B711-528C3946A390}.Debug|iPhone.Deploy.0 = Debug|Any CPU
		{C185D53E-D704-49FB-B711-528C3946A390}.Debug|iPhoneSimulator.ActiveCfg = Debug|Any CPU
		{C185D53E-D704-49FB-B711-528C3946A390}.Debug|iPhoneSimulator.Build.0 = Debug|Any CPU
		{C185D53E-D704-49FB-B711-528C3946A390}.Debug|iPhoneSimulator.Deploy.0 = Debug|Any CPU
		{C185D53E-D704-49FB-B711-528C3946A390}.Debug|x64.ActiveCfg = Debug|Any CPU
		{C185D53E-D704-49FB-B711-528C3946A390}.Debug|x64.Build.0 = Debug|Any CPU
		{C185D53E-D704-49FB-B711-528C3946A390}.Debug|x64.Deploy.0 = Debug|Any CPU
		{C185D53E-D704-49FB-B711-528C3946A390}.Debug|x86.ActiveCfg = Debug|Any CPU
		{C185D53E-D704-49FB-B711-528C3946A390}.Debug|x86.Build.0 = Debug|Any CPU
		{C185D53E-D704-49FB-B711-528C3946A390}.Debug|x86.Deploy.0 = Debug|Any CPU
		{C185D53E-D704-49FB-B711-528C3946A390}.Release|Any CPU.ActiveCfg = Release|Any CPU
		{C185D53E-D704-49FB-B711-528C3946A390}.Release|Any CPU.Build.0 = Release|Any CPU
		{C185D53E-D704-49FB-B711-528C3946A390}.Release|Any CPU.Deploy.0 = Release|Any CPU
		{C185D53E-D704-49FB-B711-528C3946A390}.Release|ARM.ActiveCfg = Release|Any CPU
		{C185D53E-D704-49FB-B711-528C3946A390}.Release|ARM.Build.0 = Release|Any CPU
		{C185D53E-D704-49FB-B711-528C3946A390}.Release|ARM.Deploy.0 = Release|Any CPU
		{C185D53E-D704-49FB-B711-528C3946A390}.Release|iPhone.ActiveCfg = Release|Any CPU
		{C185D53E-D704-49FB-B711-528C3946A390}.Release|iPhone.Build.0 = Release|Any CPU
		{C185D53E-D704-49FB-B711-528C3946A390}.Release|iPhone.Deploy.0 = Release|Any CPU
		{C185D53E-D704-49FB-B711-528C3946A390}.Release|iPhoneSimulator.ActiveCfg = Release|Any CPU
		{C185D53E-D704-49FB-B711-528C3946A390}.Release|iPhoneSimulator.Build.0 = Release|Any CPU
		{C185D53E-D704-49FB-B711-528C3946A390}.Release|iPhoneSimulator.Deploy.0 = Release|Any CPU
		{C185D53E-D704-49FB-B711-528C3946A390}.Release|x64.ActiveCfg = Release|Any CPU
		{C185D53E-D704-49FB-B711-528C3946A390}.Release|x64.Build.0 = Release|Any CPU
		{C185D53E-D704-49FB-B711-528C3946A390}.Release|x64.Deploy.0 = Release|Any CPU
		{C185D53E-D704-49FB-B711-528C3946A390}.Release|x86.ActiveCfg = Release|Any CPU
		{C185D53E-D704-49FB-B711-528C3946A390}.Release|x86.Build.0 = Release|Any CPU
		{C185D53E-D704-49FB-B711-528C3946A390}.Release|x86.Deploy.0 = Release|Any CPU
		{C854233E-1345-4A56-8138-9A2B163855AA}.Debug|Any CPU.ActiveCfg = Debug|iPhone
		{C854233E-1345-4A56-8138-9A2B163855AA}.Debug|Any CPU.Build.0 = Debug|iPhone
		{C854233E-1345-4A56-8138-9A2B163855AA}.Debug|Any CPU.Deploy.0 = Debug|iPhone
		{C854233E-1345-4A56-8138-9A2B163855AA}.Debug|ARM.ActiveCfg = Debug|iPhoneSimulator
		{C854233E-1345-4A56-8138-9A2B163855AA}.Debug|ARM.Build.0 = Debug|iPhoneSimulator
		{C854233E-1345-4A56-8138-9A2B163855AA}.Debug|ARM.Deploy.0 = Debug|iPhoneSimulator
		{C854233E-1345-4A56-8138-9A2B163855AA}.Debug|iPhone.ActiveCfg = Debug|iPhone
		{C854233E-1345-4A56-8138-9A2B163855AA}.Debug|iPhone.Build.0 = Debug|iPhone
		{C854233E-1345-4A56-8138-9A2B163855AA}.Debug|iPhone.Deploy.0 = Debug|iPhone
		{C854233E-1345-4A56-8138-9A2B163855AA}.Debug|iPhoneSimulator.ActiveCfg = Debug|iPhoneSimulator
		{C854233E-1345-4A56-8138-9A2B163855AA}.Debug|iPhoneSimulator.Build.0 = Debug|iPhoneSimulator
		{C854233E-1345-4A56-8138-9A2B163855AA}.Debug|iPhoneSimulator.Deploy.0 = Debug|iPhoneSimulator
		{C854233E-1345-4A56-8138-9A2B163855AA}.Debug|x64.ActiveCfg = Debug|iPhone
		{C854233E-1345-4A56-8138-9A2B163855AA}.Debug|x64.Build.0 = Debug|iPhone
		{C854233E-1345-4A56-8138-9A2B163855AA}.Debug|x64.Deploy.0 = Debug|iPhone
		{C854233E-1345-4A56-8138-9A2B163855AA}.Debug|x86.ActiveCfg = Debug|iPhone
		{C854233E-1345-4A56-8138-9A2B163855AA}.Debug|x86.Build.0 = Debug|iPhone
		{C854233E-1345-4A56-8138-9A2B163855AA}.Debug|x86.Deploy.0 = Debug|iPhone
		{C854233E-1345-4A56-8138-9A2B163855AA}.Release|Any CPU.ActiveCfg = Release|iPhone
		{C854233E-1345-4A56-8138-9A2B163855AA}.Release|Any CPU.Build.0 = Release|iPhone
		{C854233E-1345-4A56-8138-9A2B163855AA}.Release|Any CPU.Deploy.0 = Release|iPhone
		{C854233E-1345-4A56-8138-9A2B163855AA}.Release|ARM.ActiveCfg = Release|iPhone
		{C854233E-1345-4A56-8138-9A2B163855AA}.Release|ARM.Build.0 = Release|iPhone
		{C854233E-1345-4A56-8138-9A2B163855AA}.Release|ARM.Deploy.0 = Release|iPhone
		{C854233E-1345-4A56-8138-9A2B163855AA}.Release|iPhone.ActiveCfg = Release|iPhone
		{C854233E-1345-4A56-8138-9A2B163855AA}.Release|iPhone.Build.0 = Release|iPhone
		{C854233E-1345-4A56-8138-9A2B163855AA}.Release|iPhone.Deploy.0 = Release|iPhone
		{C854233E-1345-4A56-8138-9A2B163855AA}.Release|iPhoneSimulator.ActiveCfg = Release|iPhoneSimulator
		{C854233E-1345-4A56-8138-9A2B163855AA}.Release|iPhoneSimulator.Build.0 = Release|iPhoneSimulator
		{C854233E-1345-4A56-8138-9A2B163855AA}.Release|iPhoneSimulator.Deploy.0 = Release|iPhoneSimulator
		{C854233E-1345-4A56-8138-9A2B163855AA}.Release|x64.ActiveCfg = Release|iPhone
		{C854233E-1345-4A56-8138-9A2B163855AA}.Release|x64.Build.0 = Release|iPhone
		{C854233E-1345-4A56-8138-9A2B163855AA}.Release|x64.Deploy.0 = Release|iPhone
		{C854233E-1345-4A56-8138-9A2B163855AA}.Release|x86.ActiveCfg = Release|iPhone
		{C854233E-1345-4A56-8138-9A2B163855AA}.Release|x86.Build.0 = Release|iPhone
		{C854233E-1345-4A56-8138-9A2B163855AA}.Release|x86.Deploy.0 = Release|iPhone
		{74474EBD-8A76-434A-9A10-24F40B7BD71C}.Debug|Any CPU.ActiveCfg = Debug|Any CPU
		{74474EBD-8A76-434A-9A10-24F40B7BD71C}.Debug|Any CPU.Build.0 = Debug|Any CPU
		{74474EBD-8A76-434A-9A10-24F40B7BD71C}.Debug|Any CPU.Deploy.0 = Debug|Any CPU
		{74474EBD-8A76-434A-9A10-24F40B7BD71C}.Debug|ARM.ActiveCfg = Debug|Any CPU
		{74474EBD-8A76-434A-9A10-24F40B7BD71C}.Debug|ARM.Build.0 = Debug|Any CPU
		{74474EBD-8A76-434A-9A10-24F40B7BD71C}.Debug|ARM.Deploy.0 = Debug|Any CPU
		{74474EBD-8A76-434A-9A10-24F40B7BD71C}.Debug|iPhone.ActiveCfg = Debug|Any CPU
		{74474EBD-8A76-434A-9A10-24F40B7BD71C}.Debug|iPhone.Build.0 = Debug|Any CPU
		{74474EBD-8A76-434A-9A10-24F40B7BD71C}.Debug|iPhone.Deploy.0 = Debug|Any CPU
		{74474EBD-8A76-434A-9A10-24F40B7BD71C}.Debug|iPhoneSimulator.ActiveCfg = Debug|Any CPU
		{74474EBD-8A76-434A-9A10-24F40B7BD71C}.Debug|iPhoneSimulator.Build.0 = Debug|Any CPU
		{74474EBD-8A76-434A-9A10-24F40B7BD71C}.Debug|iPhoneSimulator.Deploy.0 = Debug|Any CPU
		{74474EBD-8A76-434A-9A10-24F40B7BD71C}.Debug|x64.ActiveCfg = Debug|Any CPU
		{74474EBD-8A76-434A-9A10-24F40B7BD71C}.Debug|x64.Build.0 = Debug|Any CPU
		{74474EBD-8A76-434A-9A10-24F40B7BD71C}.Debug|x64.Deploy.0 = Debug|Any CPU
		{74474EBD-8A76-434A-9A10-24F40B7BD71C}.Debug|x86.ActiveCfg = Debug|Any CPU
		{74474EBD-8A76-434A-9A10-24F40B7BD71C}.Debug|x86.Build.0 = Debug|Any CPU
		{74474EBD-8A76-434A-9A10-24F40B7BD71C}.Debug|x86.Deploy.0 = Debug|Any CPU
		{74474EBD-8A76-434A-9A10-24F40B7BD71C}.Release|Any CPU.ActiveCfg = Release|Any CPU
		{74474EBD-8A76-434A-9A10-24F40B7BD71C}.Release|Any CPU.Build.0 = Release|Any CPU
		{74474EBD-8A76-434A-9A10-24F40B7BD71C}.Release|Any CPU.Deploy.0 = Release|Any CPU
		{74474EBD-8A76-434A-9A10-24F40B7BD71C}.Release|ARM.ActiveCfg = Release|Any CPU
		{74474EBD-8A76-434A-9A10-24F40B7BD71C}.Release|ARM.Build.0 = Release|Any CPU
		{74474EBD-8A76-434A-9A10-24F40B7BD71C}.Release|ARM.Deploy.0 = Release|Any CPU
		{74474EBD-8A76-434A-9A10-24F40B7BD71C}.Release|iPhone.ActiveCfg = Release|Any CPU
		{74474EBD-8A76-434A-9A10-24F40B7BD71C}.Release|iPhone.Build.0 = Release|Any CPU
		{74474EBD-8A76-434A-9A10-24F40B7BD71C}.Release|iPhone.Deploy.0 = Release|Any CPU
		{74474EBD-8A76-434A-9A10-24F40B7BD71C}.Release|iPhoneSimulator.ActiveCfg = Release|Any CPU
		{74474EBD-8A76-434A-9A10-24F40B7BD71C}.Release|iPhoneSimulator.Build.0 = Release|Any CPU
		{74474EBD-8A76-434A-9A10-24F40B7BD71C}.Release|iPhoneSimulator.Deploy.0 = Release|Any CPU
		{74474EBD-8A76-434A-9A10-24F40B7BD71C}.Release|x64.ActiveCfg = Release|Any CPU
		{74474EBD-8A76-434A-9A10-24F40B7BD71C}.Release|x64.Build.0 = Release|Any CPU
		{74474EBD-8A76-434A-9A10-24F40B7BD71C}.Release|x64.Deploy.0 = Release|Any CPU
		{74474EBD-8A76-434A-9A10-24F40B7BD71C}.Release|x86.ActiveCfg = Release|Any CPU
		{74474EBD-8A76-434A-9A10-24F40B7BD71C}.Release|x86.Build.0 = Release|Any CPU
		{74474EBD-8A76-434A-9A10-24F40B7BD71C}.Release|x86.Deploy.0 = Release|Any CPU
	EndGlobalSection
	GlobalSection(SolutionProperties) = preSolution
		HideSolutionNode = FALSE
	EndGlobalSection
	GlobalSection(ExtensibilityGlobals) = postSolution
		SolutionGuid = {875BC1A2-3EE6-4092-93DB-B89DA47FEB5F}
	EndGlobalSection
EndGlobal
